// !$*UTF8*$!
{
	archiveVersion = 1;
	classes = {
	};
	objectVersion = 46;
	objects = {

/* Begin PBXBuildFile section */
		766B639D1C1E39A6005E6615 /* kind.cc in Sources */ = {isa = PBXBuildFile; fileRef = 766B63981C1E39A6005E6615 /* kind.cc */; settings = {ASSET_TAGS = (); }; };
		766B639E1C1E39A6005E6615 /* lexer.cc in Sources */ = {isa = PBXBuildFile; fileRef = 766B639A1C1E39A6005E6615 /* lexer.cc */; settings = {ASSET_TAGS = (); }; };
		766B639F1C1E39A6005E6615 /* main.cpp in Sources */ = {isa = PBXBuildFile; fileRef = 766B639C1C1E39A6005E6615 /* main.cpp */; settings = {ASSET_TAGS = (); }; };
/* End PBXBuildFile section */

/* Begin PBXCopyFilesBuildPhase section */
		761AC5F71BF3CBCE003E6B31 /* CopyFiles */ = {
			isa = PBXCopyFilesBuildPhase;
			buildActionMask = 2147483647;
			dstPath = /usr/share/man/man1/;
			dstSubfolderSpec = 0;
			files = (
			);
			runOnlyForDeploymentPostprocessing = 1;
		};
/* End PBXCopyFilesBuildPhase section */

/* Begin PBXFileReference section */
		761AC5F91BF3CBCE003E6B31 /* Assembler */ = {isa = PBXFileReference; explicitFileType = "compiled.mach-o.executable"; includeInIndex = 0; path = Assembler; sourceTree = BUILT_PRODUCTS_DIR; };
		766B63961C1E39A6005E6615 /* input */ = {isa = PBXFileReference; fileEncoding = 4; lastKnownFileType = text; name = input; path = MipsAssembler/input; sourceTree = SOURCE_ROOT; };
		766B63971C1E39A6005E6615 /* input.txt */ = {isa = PBXFileReference; fileEncoding = 4; lastKnownFileType = text; name = input.txt; path = MipsAssembler/input.txt; sourceTree = SOURCE_ROOT; };
		766B63981C1E39A6005E6615 /* kind.cc */ = {isa = PBXFileReference; fileEncoding = 4; lastKnownFileType = sourcecode.cpp.cpp; name = kind.cc; path = MipsAssembler/kind.cc; sourceTree = SOURCE_ROOT; };
		766B63991C1E39A6005E6615 /* kind.h */ = {isa = PBXFileReference; fileEncoding = 4; lastKnownFileType = sourcecode.c.h; name = kind.h; path = MipsAssembler/kind.h; sourceTree = SOURCE_ROOT; };
		766B639A1C1E39A6005E6615 /* lexer.cc */ = {isa = PBXFileReference; fileEncoding = 4; lastKnownFileType = sourcecode.cpp.cpp; name = lexer.cc; path = MipsAssembler/lexer.cc; sourceTree = SOURCE_ROOT; };
		766B639B1C1E39A6005E6615 /* lexer.h */ = {isa = PBXFileReference; fileEncoding = 4; lastKnownFileType = sourcecode.c.h; name = lexer.h; path = MipsAssembler/lexer.h; sourceTree = SOURCE_ROOT; };
		766B639C1C1E39A6005E6615 /* main.cpp */ = {isa = PBXFileReference; fileEncoding = 4; lastKnownFileType = sourcecode.cpp.cpp; name = main.cpp; path = MipsAssembler/main.cpp; sourceTree = SOURCE_ROOT; };
/* End PBXFileReference section */

/* Begin PBXFrameworksBuildPhase section */
		761AC5F61BF3CBCE003E6B31 /* Frameworks */ = {
			isa = PBXFrameworksBuildPhase;
			buildActionMask = 2147483647;
			files = (
			);
			runOnlyForDeploymentPostprocessing = 0;
		};
/* End PBXFrameworksBuildPhase section */

/* Begin PBXGroup section */
		761AC5F01BF3CBCE003E6B31 = {
			isa = PBXGroup;
			children = (
				761AC5FB1BF3CBCE003E6B31 /* MIPSAssembler */,
				761AC5FA1BF3CBCE003E6B31 /* Products */,
			);
			sourceTree = "<group>";
		};
		761AC5FA1BF3CBCE003E6B31 /* Products */ = {
			isa = PBXGroup;
			children = (
				761AC5F91BF3CBCE003E6B31 /* Assembler */,
			);
			name = Products;
			sourceTree = "<group>";
		};
		761AC5FB1BF3CBCE003E6B31 /* MIPSAssembler */ = {
			isa = PBXGroup;
			children = (
				766B63961C1E39A6005E6615 /* input */,
				766B63971C1E39A6005E6615 /* input.txt */,
				766B63981C1E39A6005E6615 /* kind.cc */,
				766B63991C1E39A6005E6615 /* kind.h */,
				766B639A1C1E39A6005E6615 /* lexer.cc */,
				766B639B1C1E39A6005E6615 /* lexer.h */,
				766B639C1C1E39A6005E6615 /* main.cpp */,
			);
			name = MIPSAssembler;
			path = assignment3;
			sourceTree = "<group>";
		};
/* End PBXGroup section */

/* Begin PBXNativeTarget section */
		761AC5F81BF3CBCE003E6B31 /* Assembler */ = {
			isa = PBXNativeTarget;
			buildConfigurationList = 761AC6001BF3CBCE003E6B31 /* Build configuration list for PBXNativeTarget "Assembler" */;
			buildPhases = (
				761AC5F51BF3CBCE003E6B31 /* Sources */,
				761AC5F61BF3CBCE003E6B31 /* Frameworks */,
				761AC5F71BF3CBCE003E6B31 /* CopyFiles */,
			);
			buildRules = (
			);
			dependencies = (
			);
			name = Assembler;
			productName = assignment3;
			productReference = 761AC5F91BF3CBCE003E6B31 /* Assembler */;
			productType = "com.apple.product-type.tool";
		};
/* End PBXNativeTarget section */

/* Begin PBXProject section */
		761AC5F11BF3CBCE003E6B31 /* Project object */ = {
			isa = PBXProject;
			attributes = {
				LastUpgradeCheck = 0700;
				ORGANIZATIONNAME = "Saif Khan";
				TargetAttributes = {
					761AC5F81BF3CBCE003E6B31 = {
						CreatedOnToolsVersion = 7.0;
					};
				};
			};
			buildConfigurationList = 761AC5F41BF3CBCE003E6B31 /* Build configuration list for PBXProject "mipsassembler" */;
			compatibilityVersion = "Xcode 3.2";
			developmentRegion = English;
			hasScannedForEncodings = 0;
			knownRegions = (
				en,
			);
			mainGroup = 761AC5F01BF3CBCE003E6B31;
			productRefGroup = 761AC5FA1BF3CBCE003E6B31 /* Products */;
			projectDirPath = "";
			projectRoot = "";
			targets = (
				761AC5F81BF3CBCE003E6B31 /* Assembler */,
			);
		};
/* End PBXProject section */

/* Begin PBXSourcesBuildPhase section */
		761AC5F51BF3CBCE003E6B31 /* Sources */ = {
			isa = PBXSourcesBuildPhase;
			buildActionMask = 2147483647;
			files = (
				766B639E1C1E39A6005E6615 /* lexer.cc in Sources */,
				766B639D1C1E39A6005E6615 /* kind.cc in Sources */,
				766B639F1C1E39A6005E6615 /* main.cpp in Sources */,
			);
			runOnlyForDeploymentPostprocessing = 0;
		};
/* End PBXSourcesBuildPhase section */

/* Begin XCBuildConfiguration section */
		761AC5FE1BF3CBCE003E6B31 /* Debug */ = {
			isa = XCBuildConfiguration;
			buildSettings = {
				ALWAYS_SEARCH_USER_PATHS = NO;
				CLANG_CXX_LANGUAGE_STANDARD = "gnu++0x";
				CLANG_CXX_LIBRARY = "libc++";
				CLANG_ENABLE_MODULES = YES;
				CLANG_ENABLE_OBJC_ARC = YES;
				CLANG_WARN_BOOL_CONVERSION = YES;
				CLANG_WARN_CONSTANT_CONVERSION = YES;
				CLANG_WARN_DIRECT_OBJC_ISA_USAGE = YES_ERROR;
				CLANG_WARN_EMPTY_BODY = YES;
				CLANG_WARN_ENUM_CONVERSION = YES;
				CLANG_WARN_INT_CONVERSION = YES;
				CLANG_WARN_OBJC_ROOT_CLASS = YES_ERROR;
				CLANG_WARN_UNREACHABLE_CODE = YES;
				CLANG_WARN__DUPLICATE_METHOD_MATCH = YES;
				COPY_PHASE_STRIP = NO;
				DEBUG_INFORMATION_FORMAT = dwarf;
				ENABLE_STRICT_OBJC_MSGSEND = YES;
				ENABLE_TESTABILITY = YES;
				GCC_C_LANGUAGE_STANDARD = gnu99;
				GCC_DYNAMIC_NO_PIC = NO;
				GCC_NO_COMMON_BLOCKS = YES;
				GCC_OPTIMIZATION_LEVEL = 0;
				GCC_PREPROCESSOR_DEFINITIONS = (
					"DEBUG=1",
					"$(inherited)",
				);
				GCC_WARN_64_TO_32_BIT_CONVERSION = YES;
				GCC_WARN_ABOUT_RETURN_TYPE = YES_ERROR;
				GCC_WARN_UNDECLARED_SELECTOR = YES;
				GCC_WARN_UNINITIALIZED_AUTOS = YES_AGGRESSIVE;
				GCC_WARN_UNUSED_FUNCTION = YES;
				GCC_WARN_UNUSED_VARIABLE = YES;
				MACOSX_DEPLOYMENT_TARGET = 10.11;
				MTL_ENABLE_DEBUG_INFO = YES;
				ONLY_ACTIVE_ARCH = YES;
				SDKROOT = macosx;
			};
			name = Debug;
		};
		761AC5FF1BF3CBCE003E6B31 /* Release */ = {
			isa = XCBuildConfiguration;
			buildSettings = {
				ALWAYS_SEARCH_USER_PATHS = NO;
				CLANG_CXX_LANGUAGE_STANDARD = "gnu++0x";
				CLANG_CXX_LIBRARY = "libc++";
				CLANG_ENABLE_MODULES = YES;
				CLANG_ENABLE_OBJC_ARC = YES;
				CLANG_WARN_BOOL_CONVERSION = YES;
				CLANG_WARN_CONSTANT_CONVERSION = YES;
				CLANG_WARN_DIRECT_OBJC_ISA_USAGE = YES_ERROR;
				CLANG_WARN_EMPTY_BODY = YES;
				CLANG_WARN_ENUM_CONVERSION = YES;
				CLANG_WARN_INT_CONVERSION = YES;
				CLANG_WARN_OBJC_ROOT_CLASS = YES_ERROR;
				CLANG_WARN_UNREACHABLE_CODE = YES;
				CLANG_WARN__DUPLICATE_METHOD_MATCH = YES;
				COPY_PHASE_STRIP = NO;
				DEBUG_INFORMATION_FORMAT = "dwarf-with-dsym";
				ENABLE_NS_ASSERTIONS = NO;
				ENABLE_STRICT_OBJC_MSGSEND = YES;
				GCC_C_LANGUAGE_STANDARD = gnu99;
				GCC_NO_COMMON_BLOCKS = YES;
				GCC_WARN_64_TO_32_BIT_CONVERSION = YES;
				GCC_WARN_ABOUT_RETURN_TYPE = YES_ERROR;
				GCC_WARN_UNDECLARED_SELECTOR = YES;
				GCC_WARN_UNINITIALIZED_AUTOS = YES_AGGRESSIVE;
				GCC_WARN_UNUSED_FUNCTION = YES;
				GCC_WARN_UNUSED_VARIABLE = YES;
				MACOSX_DEPLOYMENT_TARGET = 10.11;
				MTL_ENABLE_DEBUG_INFO = NO;
				SDKROOT = macosx;
			};
			name = Release;
		};
		761AC6011BF3CBCE003E6B31 /* Debug */ = {
			isa = XCBuildConfiguration;
			buildSettings = {
				PRODUCT_NAME = Assembler;
			};
			name = Debug;
		};
		761AC6021BF3CBCE003E6B31 /* Release */ = {
			isa = XCBuildConfiguration;
			buildSettings = {
				PRODUCT_NAME = Assembler;
			};
			name = Release;
		};
/* End XCBuildConfiguration section */

/* Begin XCConfigurationList section */
		761AC5F41BF3CBCE003E6B31 /* Build configuration list for PBXProject "mipsassembler" */ = {
			isa = XCConfigurationList;
			buildConfigurations = (
				761AC5FE1BF3CBCE003E6B31 /* Debug */,
				761AC5FF1BF3CBCE003E6B31 /* Release */,
			);
			defaultConfigurationIsVisible = 0;
			defaultConfigurationName = Release;
		};
		761AC6001BF3CBCE003E6B31 /* Build configuration list for PBXNativeTarget "Assembler" */ = {
			isa = XCConfigurationList;
			buildConfigurations = (
				761AC6011BF3CBCE003E6B31 /* Debug */,
				761AC6021BF3CBCE003E6B31 /* Release */,
			);
			defaultConfigurationIsVisible = 0;
			defaultConfigurationName = Release;
		};
/* End XCConfigurationList section */
	};
	rootObject = 761AC5F11BF3CBCE003E6B31 /* Project object */;
}
